
Microsoft Visual Studio Solution File, Format Version 12.00
Project("{FAE04EC0-301F-11D3-BF4B-00C04F79EFBC}") = "25E2_4-TP1-Console", "25E2_4-TP1-Console\25E2_4-TP1-Console.csproj", "{4716DFB8-6DB6-41A3-A78B-09CE65478CF9}"
EndProject
Project("{FAE04EC0-301F-11D3-BF4B-00C04F79EFBC}") = "225E2_4-TP1-Razor", "225E2_4-TP1-Razor\225E2_4-TP1-Razor.csproj", "{7BBB7447-338E-42A3-A8BF-D63479C52A9D}"
EndProject
Global
	GlobalSection(SolutionConfigurationPlatforms) = preSolution
		Debug|Any CPU = Debug|Any CPU
		Release|Any CPU = Release|Any CPU
	EndGlobalSection
	GlobalSection(ProjectConfigurationPlatforms) = postSolution
		{4716DFB8-6DB6-41A3-A78B-09CE65478CF9}.Debug|Any CPU.ActiveCfg = Debug|Any CPU
		{4716DFB8-6DB6-41A3-A78B-09CE65478CF9}.Debug|Any CPU.Build.0 = Debug|Any CPU
		{4716DFB8-6DB6-41A3-A78B-09CE65478CF9}.Release|Any CPU.ActiveCfg = Release|Any CPU
		{4716DFB8-6DB6-41A3-A78B-09CE65478CF9}.Release|Any CPU.Build.0 = Release|Any CPU
		{7BBB7447-338E-42A3-A8BF-D63479C52A9D}.Debug|Any CPU.ActiveCfg = Debug|Any CPU
		{7BBB7447-338E-42A3-A8BF-D63479C52A9D}.Debug|Any CPU.Build.0 = Debug|Any CPU
		{7BBB7447-338E-42A3-A8BF-D63479C52A9D}.Release|Any CPU.ActiveCfg = Release|Any CPU
		{7BBB7447-338E-42A3-A8BF-D63479C52A9D}.Release|Any CPU.Build.0 = Release|Any CPU
	EndGlobalSection
	GlobalSection(NestedProjects) = preSolution
	EndGlobalSection
EndGlobal
